
Microsoft Visual Studio Solution File, Format Version 12.00
# Visual Studio Version 17
VisualStudioVersion = 17.10.35027.167
MinimumVisualStudioVersion = 10.0.40219.1
Project("{9A19103F-16F7-4668-BE54-9A1E7A4F7556}") = "LibraryWebAPI", "LibraryWebAPI\LibraryWebAPI.csproj", "{F55507FB-32E0-4053-BB33-6350ECFC9878}"
EndProject
Project("{2150E333-8FDC-42A3-9474-1A3956D46DE8}") = "Solution Items", "Solution Items", "{41B0104C-CA6A-4565-BEC7-7A47DF8CD844}"
	ProjectSection(SolutionItems) = preProject
		.editorconfig = .editorconfig
	EndProjectSection
EndProject
Global
	GlobalSection(SolutionConfigurationPlatforms) = preSolution
		Debug|Any CPU = Debug|Any CPU
		Release|Any CPU = Release|Any CPU
	EndGlobalSection
	GlobalSection(ProjectConfigurationPlatforms) = postSolution
		{F55507FB-32E0-4053-BB33-6350ECFC9878}.Debug|Any CPU.ActiveCfg = Debug|Any CPU
		{F55507FB-32E0-4053-BB33-6350ECFC9878}.Debug|Any CPU.Build.0 = Debug|Any CPU
		{F55507FB-32E0-4053-BB33-6350ECFC9878}.Release|Any CPU.ActiveCfg = Release|Any CPU
		{F55507FB-32E0-4053-BB33-6350ECFC9878}.Release|Any CPU.Build.0 = Release|Any CPU
	EndGlobalSection
	GlobalSection(SolutionProperties) = preSolution
		HideSolutionNode = FALSE
	EndGlobalSection
	GlobalSection(ExtensibilityGlobals) = postSolution
		SolutionGuid = {B9CAFFE5-2054-4A46-8709-AC406FDD6791}
	EndGlobalSection
EndGlobal
